
Microsoft Visual Studio Solution File, Format Version 12.00
# Visual Studio Version 16
VisualStudioVersion = 16.0.30011.22
MinimumVisualStudioVersion = 10.0.40219.1
Project("{FAE04EC0-301F-11D3-BF4B-00C04F79EFBC}") = "BartenderApp", "BartenderApp.csproj", "{5F87FB62-4952-4EA8-A12A-BB64FD391F9D}"
EndProject
Global
	GlobalSection(SolutionConfigurationPlatforms) = preSolution
		Debug|Any CPU = Debug|Any CPU
		Release|Any CPU = Release|Any CPU
	EndGlobalSection
	GlobalSection(ProjectConfigurationPlatforms) = postSolution
		{5F87FB62-4952-4EA8-A12A-BB64FD391F9D}.Debug|Any CPU.ActiveCfg = Debug|Any CPU
		{5F87FB62-4952-4EA8-A12A-BB64FD391F9D}.Debug|Any CPU.Build.0 = Debug|Any CPU
		{5F87FB62-4952-4EA8-A12A-BB64FD391F9D}.Release|Any CPU.ActiveCfg = Release|Any CPU
		{5F87FB62-4952-4EA8-A12A-BB64FD391F9D}.Release|Any CPU.Build.0 = Release|Any CPU
	EndGlobalSection
	GlobalSection(SolutionProperties) = preSolution
		HideSolutionNode = FALSE
	EndGlobalSection
	GlobalSection(ExtensibilityGlobals) = postSolution
		SolutionGuid = {6BEB8C8A-DD2F-4577-9280-ABA53977037E}
	EndGlobalSection
EndGlobal
